{
  "originHash" : "9f40c342f2bc75f4423f4fd6e7352158e914686751ff08e72f23c7278dad3ae7",
  "pins" : [
    {
      "identity" : "compactslider",
      "kind" : "remoteSourceControl",
      "location" : "https://github.com/buh/CompactSlider",
      "state" : {
        "revision" : "52a01bd09156152881c53ba235c862e3bf5690b1",
        "version" : "2.1.0"
      }
    }
  ],
  "version" : 3
}
