{
  "originHash" : "64b1320253829dc6199387bcd48f0a531ac544a535eeb6c53428217505aa2821",
  "pins" : [
    {
      "identity" : "compactslider",
      "kind" : "remoteSourceControl",
      "location" : "https://github.com/buh/CompactSlider",
      "state" : {
        "revision" : "52a01bd09156152881c53ba235c862e3bf5690b1",
        "version" : "2.1.0"
      }
    },
    {
      "identity" : "emojikit",
      "kind" : "remoteSourceControl",
      "location" : "https://github.com/danielsaidi/EmojiKit.git",
      "state" : {
        "revision" : "ae11c0c8dde81aace2ed4f1521fee510832897a4",
        "version" : "2.2.1"
      }
    }
  ],
  "version" : 3
}
