{
  "originHash" : "26cfac25af27afa86bbd242fc1dba30b0d55b99823c3eb294728e3f0c9d452c1",
  "pins" : [
    {
      "identity" : "compactslider",
      "kind" : "remoteSourceControl",
      "location" : "https://github.com/buh/CompactSlider",
      "state" : {
        "revision" : "52a01bd09156152881c53ba235c862e3bf5690b1",
        "version" : "2.1.0"
      }
    },
    {
      "identity" : "emojikit",
      "kind" : "remoteSourceControl",
      "location" : "https://github.com/danielsaidi/EmojiKit.git",
      "state" : {
        "revision" : "ae11c0c8dde81aace2ed4f1521fee510832897a4",
        "version" : "2.2.1"
      }
    }
  ],
  "version" : 3
}
